
Microsoft Visual Studio Solution File, Format Version 12.00
# Visual Studio Version 16
VisualStudioVersion = 16.0.31019.35
MinimumVisualStudioVersion = 10.0.40219.1
Project("{9A19103F-16F7-4668-BE54-9A1E7A4F7556}") = "IJunior", "IJunior\IJunior.csproj", "{0574BB02-1063-408C-A540-A197E2FD7072}"
EndProject
Project("{9A19103F-16F7-4668-BE54-9A1E7A4F7556}") = "HomeTaskPicture", "HomeTaskPicture\HomeTaskPicture.csproj", "{2466FE4F-1FBE-4EE3-BF59-E1C9A17E0F18}"
EndProject
Project("{9A19103F-16F7-4668-BE54-9A1E7A4F7556}") = "GameGueesNumber", "GameGueesNumber\GameGueesNumber.csproj", "{0CC85BDA-6461-4ED6-BB72-E51856C81A60}"
EndProject
Project("{FAE04EC0-301F-11D3-BF4B-00C04F79EFBC}") = "Massive", "Massive\Massive.csproj", "{FD9F5B66-70B6-4F23-9715-4E6A5FF66934}"
EndProject
Global
	GlobalSection(SolutionConfigurationPlatforms) = preSolution
		Debug|Any CPU = Debug|Any CPU
		Release|Any CPU = Release|Any CPU
	EndGlobalSection
	GlobalSection(ProjectConfigurationPlatforms) = postSolution
		{0574BB02-1063-408C-A540-A197E2FD7072}.Debug|Any CPU.ActiveCfg = Debug|Any CPU
		{0574BB02-1063-408C-A540-A197E2FD7072}.Debug|Any CPU.Build.0 = Debug|Any CPU
		{0574BB02-1063-408C-A540-A197E2FD7072}.Release|Any CPU.ActiveCfg = Release|Any CPU
		{0574BB02-1063-408C-A540-A197E2FD7072}.Release|Any CPU.Build.0 = Release|Any CPU
		{2466FE4F-1FBE-4EE3-BF59-E1C9A17E0F18}.Debug|Any CPU.ActiveCfg = Debug|Any CPU
		{2466FE4F-1FBE-4EE3-BF59-E1C9A17E0F18}.Debug|Any CPU.Build.0 = Debug|Any CPU
		{2466FE4F-1FBE-4EE3-BF59-E1C9A17E0F18}.Release|Any CPU.ActiveCfg = Release|Any CPU
		{2466FE4F-1FBE-4EE3-BF59-E1C9A17E0F18}.Release|Any CPU.Build.0 = Release|Any CPU
		{0CC85BDA-6461-4ED6-BB72-E51856C81A60}.Debug|Any CPU.ActiveCfg = Debug|Any CPU
		{0CC85BDA-6461-4ED6-BB72-E51856C81A60}.Debug|Any CPU.Build.0 = Debug|Any CPU
		{0CC85BDA-6461-4ED6-BB72-E51856C81A60}.Release|Any CPU.ActiveCfg = Release|Any CPU
		{0CC85BDA-6461-4ED6-BB72-E51856C81A60}.Release|Any CPU.Build.0 = Release|Any CPU
		{FD9F5B66-70B6-4F23-9715-4E6A5FF66934}.Debug|Any CPU.ActiveCfg = Debug|Any CPU
		{FD9F5B66-70B6-4F23-9715-4E6A5FF66934}.Debug|Any CPU.Build.0 = Debug|Any CPU
		{FD9F5B66-70B6-4F23-9715-4E6A5FF66934}.Release|Any CPU.ActiveCfg = Release|Any CPU
		{FD9F5B66-70B6-4F23-9715-4E6A5FF66934}.Release|Any CPU.Build.0 = Release|Any CPU
	EndGlobalSection
	GlobalSection(SolutionProperties) = preSolution
		HideSolutionNode = FALSE
	EndGlobalSection
	GlobalSection(ExtensibilityGlobals) = postSolution
		SolutionGuid = {24EE3902-C3B8-45A5-BA25-27E9290ABE8F}
	EndGlobalSection
EndGlobal
