
Microsoft Visual Studio Solution File, Format Version 12.00
# Visual Studio Version 16
VisualStudioVersion = 16.0.31019.35
MinimumVisualStudioVersion = 10.0.40219.1
Project("{9A19103F-16F7-4668-BE54-9A1E7A4F7556}") = "IJunior", "IJunior\IJunior.csproj", "{0574BB02-1063-408C-A540-A197E2FD7072}"
EndProject
Project("{9A19103F-16F7-4668-BE54-9A1E7A4F7556}") = "HomeTaskPicture", "HomeTaskPicture\HomeTaskPicture.csproj", "{2466FE4F-1FBE-4EE3-BF59-E1C9A17E0F18}"
EndProject
Project("{9A19103F-16F7-4668-BE54-9A1E7A4F7556}") = "GameGueesNumber", "GameGueesNumber\GameGueesNumber.csproj", "{0CC85BDA-6461-4ED6-BB72-E51856C81A60}"
EndProject
Project("{9A19103F-16F7-4668-BE54-9A1E7A4F7556}") = "Massive", "Massive\Massive.csproj", "{FD9F5B66-70B6-4F23-9715-4E6A5FF66934}"
EndProject
Project("{9A19103F-16F7-4668-BE54-9A1E7A4F7556}") = "Functions", "Functions\Functions.csproj", "{4E05ACB2-FCE1-4B01-A474-4466F152EB83}"
EndProject
Project("{9A19103F-16F7-4668-BE54-9A1E7A4F7556}") = "Test", "Test\Test.csproj", "{A82881DE-F326-41E1-8CE1-18116CFFE686}"
EndProject
Project("{9A19103F-16F7-4668-BE54-9A1E7A4F7556}") = "Collections", "Collections\Collections.csproj", "{5A23CDD2-D6CD-4C8C-B7BA-214E679806C5}"
EndProject
Project("{9A19103F-16F7-4668-BE54-9A1E7A4F7556}") = "CollectionsTask", "CollectionsTask\CollectionsTask.csproj", "{8157F523-54FF-4114-B02A-69C936D357F0}"
EndProject
Project("{9A19103F-16F7-4668-BE54-9A1E7A4F7556}") = "OOP", "OOP\OOP.csproj", "{A1E8C6D3-AF66-4924-8E0C-818A22F9B8F3}"
EndProject
Project("{9A19103F-16F7-4668-BE54-9A1E7A4F7556}") = "Linq", "Linq\Linq.csproj", "{46C3EC4B-7CAF-4CA2-9CCD-3AAD04F85F8E}"
EndProject
Project("{9A19103F-16F7-4668-BE54-9A1E7A4F7556}") = "Linq2", "Linq2\Linq2.csproj", "{8D5E820E-1FFC-4DFB-9723-3273180C016E}"
EndProject
Project("{9A19103F-16F7-4668-BE54-9A1E7A4F7556}") = "Linq3", "Linq3\Linq3.csproj", "{26B57896-053A-411E-B897-B66813CD3FEF}"
EndProject
Project("{9A19103F-16F7-4668-BE54-9A1E7A4F7556}") = "OOP2", "OOP2\OOP2.csproj", "{561BE1B7-3A29-48A5-8150-C1FDA45D3C24}"
EndProject
Project("{9A19103F-16F7-4668-BE54-9A1E7A4F7556}") = "OOP3", "OOP3\OOP3.csproj", "{46D2C539-850D-4E8A-9EA1-850DFFFA231F}"
EndProject
Project("{FAE04EC0-301F-11D3-BF4B-00C04F79EFBC}") = "OOP4", "OOP4\OOP4.csproj", "{CD76495D-EEFB-4E1D-925E-259C338E4284}"
EndProject
Global
	GlobalSection(SolutionConfigurationPlatforms) = preSolution
		Debug|Any CPU = Debug|Any CPU
		Release|Any CPU = Release|Any CPU
	EndGlobalSection
	GlobalSection(ProjectConfigurationPlatforms) = postSolution
		{0574BB02-1063-408C-A540-A197E2FD7072}.Debug|Any CPU.ActiveCfg = Debug|Any CPU
		{0574BB02-1063-408C-A540-A197E2FD7072}.Debug|Any CPU.Build.0 = Debug|Any CPU
		{0574BB02-1063-408C-A540-A197E2FD7072}.Release|Any CPU.ActiveCfg = Release|Any CPU
		{0574BB02-1063-408C-A540-A197E2FD7072}.Release|Any CPU.Build.0 = Release|Any CPU
		{2466FE4F-1FBE-4EE3-BF59-E1C9A17E0F18}.Debug|Any CPU.ActiveCfg = Debug|Any CPU
		{2466FE4F-1FBE-4EE3-BF59-E1C9A17E0F18}.Debug|Any CPU.Build.0 = Debug|Any CPU
		{2466FE4F-1FBE-4EE3-BF59-E1C9A17E0F18}.Release|Any CPU.ActiveCfg = Release|Any CPU
		{2466FE4F-1FBE-4EE3-BF59-E1C9A17E0F18}.Release|Any CPU.Build.0 = Release|Any CPU
		{0CC85BDA-6461-4ED6-BB72-E51856C81A60}.Debug|Any CPU.ActiveCfg = Debug|Any CPU
		{0CC85BDA-6461-4ED6-BB72-E51856C81A60}.Debug|Any CPU.Build.0 = Debug|Any CPU
		{0CC85BDA-6461-4ED6-BB72-E51856C81A60}.Release|Any CPU.ActiveCfg = Release|Any CPU
		{0CC85BDA-6461-4ED6-BB72-E51856C81A60}.Release|Any CPU.Build.0 = Release|Any CPU
		{FD9F5B66-70B6-4F23-9715-4E6A5FF66934}.Debug|Any CPU.ActiveCfg = Debug|Any CPU
		{FD9F5B66-70B6-4F23-9715-4E6A5FF66934}.Debug|Any CPU.Build.0 = Debug|Any CPU
		{FD9F5B66-70B6-4F23-9715-4E6A5FF66934}.Release|Any CPU.ActiveCfg = Release|Any CPU
		{FD9F5B66-70B6-4F23-9715-4E6A5FF66934}.Release|Any CPU.Build.0 = Release|Any CPU
		{4E05ACB2-FCE1-4B01-A474-4466F152EB83}.Debug|Any CPU.ActiveCfg = Debug|Any CPU
		{4E05ACB2-FCE1-4B01-A474-4466F152EB83}.Debug|Any CPU.Build.0 = Debug|Any CPU
		{4E05ACB2-FCE1-4B01-A474-4466F152EB83}.Release|Any CPU.ActiveCfg = Release|Any CPU
		{4E05ACB2-FCE1-4B01-A474-4466F152EB83}.Release|Any CPU.Build.0 = Release|Any CPU
		{A82881DE-F326-41E1-8CE1-18116CFFE686}.Debug|Any CPU.ActiveCfg = Debug|Any CPU
		{A82881DE-F326-41E1-8CE1-18116CFFE686}.Debug|Any CPU.Build.0 = Debug|Any CPU
		{A82881DE-F326-41E1-8CE1-18116CFFE686}.Release|Any CPU.ActiveCfg = Release|Any CPU
		{A82881DE-F326-41E1-8CE1-18116CFFE686}.Release|Any CPU.Build.0 = Release|Any CPU
		{5A23CDD2-D6CD-4C8C-B7BA-214E679806C5}.Debug|Any CPU.ActiveCfg = Debug|Any CPU
		{5A23CDD2-D6CD-4C8C-B7BA-214E679806C5}.Debug|Any CPU.Build.0 = Debug|Any CPU
		{5A23CDD2-D6CD-4C8C-B7BA-214E679806C5}.Release|Any CPU.ActiveCfg = Release|Any CPU
		{5A23CDD2-D6CD-4C8C-B7BA-214E679806C5}.Release|Any CPU.Build.0 = Release|Any CPU
		{8157F523-54FF-4114-B02A-69C936D357F0}.Debug|Any CPU.ActiveCfg = Debug|Any CPU
		{8157F523-54FF-4114-B02A-69C936D357F0}.Debug|Any CPU.Build.0 = Debug|Any CPU
		{8157F523-54FF-4114-B02A-69C936D357F0}.Release|Any CPU.ActiveCfg = Release|Any CPU
		{8157F523-54FF-4114-B02A-69C936D357F0}.Release|Any CPU.Build.0 = Release|Any CPU
		{A1E8C6D3-AF66-4924-8E0C-818A22F9B8F3}.Debug|Any CPU.ActiveCfg = Debug|Any CPU
		{A1E8C6D3-AF66-4924-8E0C-818A22F9B8F3}.Debug|Any CPU.Build.0 = Debug|Any CPU
		{A1E8C6D3-AF66-4924-8E0C-818A22F9B8F3}.Release|Any CPU.ActiveCfg = Release|Any CPU
		{A1E8C6D3-AF66-4924-8E0C-818A22F9B8F3}.Release|Any CPU.Build.0 = Release|Any CPU
		{46C3EC4B-7CAF-4CA2-9CCD-3AAD04F85F8E}.Debug|Any CPU.ActiveCfg = Debug|Any CPU
		{46C3EC4B-7CAF-4CA2-9CCD-3AAD04F85F8E}.Debug|Any CPU.Build.0 = Debug|Any CPU
		{46C3EC4B-7CAF-4CA2-9CCD-3AAD04F85F8E}.Release|Any CPU.ActiveCfg = Release|Any CPU
		{46C3EC4B-7CAF-4CA2-9CCD-3AAD04F85F8E}.Release|Any CPU.Build.0 = Release|Any CPU
		{8D5E820E-1FFC-4DFB-9723-3273180C016E}.Debug|Any CPU.ActiveCfg = Debug|Any CPU
		{8D5E820E-1FFC-4DFB-9723-3273180C016E}.Debug|Any CPU.Build.0 = Debug|Any CPU
		{8D5E820E-1FFC-4DFB-9723-3273180C016E}.Release|Any CPU.ActiveCfg = Release|Any CPU
		{8D5E820E-1FFC-4DFB-9723-3273180C016E}.Release|Any CPU.Build.0 = Release|Any CPU
		{26B57896-053A-411E-B897-B66813CD3FEF}.Debug|Any CPU.ActiveCfg = Debug|Any CPU
		{26B57896-053A-411E-B897-B66813CD3FEF}.Debug|Any CPU.Build.0 = Debug|Any CPU
		{26B57896-053A-411E-B897-B66813CD3FEF}.Release|Any CPU.ActiveCfg = Release|Any CPU
		{26B57896-053A-411E-B897-B66813CD3FEF}.Release|Any CPU.Build.0 = Release|Any CPU
		{561BE1B7-3A29-48A5-8150-C1FDA45D3C24}.Debug|Any CPU.ActiveCfg = Debug|Any CPU
		{561BE1B7-3A29-48A5-8150-C1FDA45D3C24}.Debug|Any CPU.Build.0 = Debug|Any CPU
		{561BE1B7-3A29-48A5-8150-C1FDA45D3C24}.Release|Any CPU.ActiveCfg = Release|Any CPU
		{561BE1B7-3A29-48A5-8150-C1FDA45D3C24}.Release|Any CPU.Build.0 = Release|Any CPU
		{46D2C539-850D-4E8A-9EA1-850DFFFA231F}.Debug|Any CPU.ActiveCfg = Debug|Any CPU
		{46D2C539-850D-4E8A-9EA1-850DFFFA231F}.Debug|Any CPU.Build.0 = Debug|Any CPU
		{46D2C539-850D-4E8A-9EA1-850DFFFA231F}.Release|Any CPU.ActiveCfg = Release|Any CPU
		{46D2C539-850D-4E8A-9EA1-850DFFFA231F}.Release|Any CPU.Build.0 = Release|Any CPU
		{CD76495D-EEFB-4E1D-925E-259C338E4284}.Debug|Any CPU.ActiveCfg = Debug|Any CPU
		{CD76495D-EEFB-4E1D-925E-259C338E4284}.Debug|Any CPU.Build.0 = Debug|Any CPU
		{CD76495D-EEFB-4E1D-925E-259C338E4284}.Release|Any CPU.ActiveCfg = Release|Any CPU
		{CD76495D-EEFB-4E1D-925E-259C338E4284}.Release|Any CPU.Build.0 = Release|Any CPU
	EndGlobalSection
	GlobalSection(SolutionProperties) = preSolution
		HideSolutionNode = FALSE
	EndGlobalSection
	GlobalSection(ExtensibilityGlobals) = postSolution
		SolutionGuid = {24EE3902-C3B8-45A5-BA25-27E9290ABE8F}
	EndGlobalSection
EndGlobal
